
Microsoft Visual Studio Solution File, Format Version 12.00
# Visual Studio Version 17
VisualStudioVersion = 17.2.32630.192
MinimumVisualStudioVersion = 10.0.40219.1
Project("{FAE04EC0-301F-11D3-BF4B-00C04F79EFBC}") = "TodoApi", "TodoApi\TodoApi.csproj", "{B0E0BD53-A0E0-46AF-971E-30C166B27FCB}"
EndProject
Global
	GlobalSection(SolutionConfigurationPlatforms) = preSolution
		Debug|Any CPU = Debug|Any CPU
		Release|Any CPU = Release|Any CPU
	EndGlobalSection
	GlobalSection(ProjectConfigurationPlatforms) = postSolution
		{B0E0BD53-A0E0-46AF-971E-30C166B27FCB}.Debug|Any CPU.ActiveCfg = Debug|Any CPU
		{B0E0BD53-A0E0-46AF-971E-30C166B27FCB}.Debug|Any CPU.Build.0 = Debug|Any CPU
		{B0E0BD53-A0E0-46AF-971E-30C166B27FCB}.Release|Any CPU.ActiveCfg = Release|Any CPU
		{B0E0BD53-A0E0-46AF-971E-30C166B27FCB}.Release|Any CPU.Build.0 = Release|Any CPU
	EndGlobalSection
	GlobalSection(SolutionProperties) = preSolution
		HideSolutionNode = FALSE
	EndGlobalSection
	GlobalSection(ExtensibilityGlobals) = postSolution
		SolutionGuid = {13CBC7BA-7B36-4835-8682-678D8B431650}
	EndGlobalSection
EndGlobal
